{
  "name": "buymaterials.automation",
  "version": "1.0.0",
  "lockfileVersion": 3,
  "requires": true,
  "packages": {
    "": {
      "name": "buymaterials.automation",
      "version": "1.0.0",
      "dependencies": {
        "@faker-js/faker": "^7.6.0",
        "@playwright/test": "^1.33.0",
        "@types/authenticator": "^1.1.1",
        "detect-browser": "^5.3.0",
        "dotenv": "^16.0.3",
        "playwright-fluent": "^1.61.0",
        "prettyjson": "^1.2.5"
      }
    },
    "node_modules/@faker-js/faker": {
      "version": "7.6.0",
      "resolved": "https://registry.npmjs.org/@faker-js/faker/-/faker-7.6.0.tgz",
      "integrity": "sha512-XK6BTq1NDMo9Xqw/YkYyGjSsg44fbNwYRx7QK2CuoQgyy+f1rrTDHoExVM5PsyXCtfl2vs2vVJ0MN0yN6LppRw==",
      "engines": {
        "node": ">=14.0.0",
        "npm": ">=6.0.0"
      }
    },
    "node_modules/@playwright/test": {
      "version": "1.33.0",
      "resolved": "https://registry.npmjs.org/@playwright/test/-/test-1.33.0.tgz",
      "integrity": "sha512-YunBa2mE7Hq4CfPkGzQRK916a4tuZoVx/EpLjeWlTVOnD4S2+fdaQZE0LJkbfhN5FTSKNLdcl7MoT5XB37bTkg==",
      "dependencies": {
        "@types/node": "*",
        "playwright-core": "1.33.0"
      },
      "bin": {
        "playwright": "cli.js"
      },
      "engines": {
        "node": ">=14"
      },
      "optionalDependencies": {
        "fsevents": "2.3.2"
      }
    },
    "node_modules/@types/authenticator": {
      "version": "1.1.1",
      "resolved": "https://registry.npmjs.org/@types/authenticator/-/authenticator-1.1.1.tgz",
      "integrity": "sha512-yEIqr179ISDa7XM5g/+aKGi+lXSVkheR8pWtVhWAM1G+v1aLari92SkTUIZPCI1Lpk+PhXGWdCtehm99IqoOFg=="
    },
    "node_modules/@types/node": {
      "version": "20.1.1",
      "resolved": "https://registry.npmjs.org/@types/node/-/node-20.1.1.tgz",
      "integrity": "sha512-uKBEevTNb+l6/aCQaKVnUModfEMjAl98lw2Si9P5y4hLu9tm6AlX2ZIoXZX6Wh9lJueYPrGPKk5WMCNHg/u6/A=="
    },
    "node_modules/@types/uuid": {
      "version": "9.0.1",
      "resolved": "https://registry.npmjs.org/@types/uuid/-/uuid-9.0.1.tgz",
      "integrity": "sha512-rFT3ak0/2trgvp4yYZo5iKFEPsET7vKydKF+VRCxlQ9bpheehyAJH89dAkaLEq/j/RZXJIqcgsmPJKUP1Z28HA=="
    },
    "node_modules/@types/which": {
      "version": "3.0.0",
      "resolved": "https://registry.npmjs.org/@types/which/-/which-3.0.0.tgz",
      "integrity": "sha512-ASCxdbsrwNfSMXALlC3Decif9rwDMu+80KGp5zI2RLRotfMsTv7fHL8W8VDp24wymzDyIFudhUeSCugrgRFfHQ=="
    },
    "node_modules/ci-info": {
      "version": "3.8.0",
      "resolved": "https://registry.npmjs.org/ci-info/-/ci-info-3.8.0.tgz",
      "integrity": "sha512-eXTggHWSooYhq49F2opQhuHWgzucfF2YgODK4e1566GQs5BIfP30B0oenwBJHfWxAs2fyPB1s7Mg949zLf61Yw==",
      "funding": [
        {
          "type": "github",
          "url": "https://github.com/sponsors/sibiraj-s"
        }
      ],
      "engines": {
        "node": ">=8"
      }
    },
    "node_modules/colors": {
      "version": "1.4.0",
      "resolved": "https://registry.npmjs.org/colors/-/colors-1.4.0.tgz",
      "integrity": "sha512-a+UqTh4kgZg/SlGvfbzDHpgRu7AAQOmmqRHJnxhRZICKFUT91brVhNNt58CMWU9PsBbv3PDCZUHbVxuDiH2mtA==",
      "engines": {
        "node": ">=0.1.90"
      }
    },
    "node_modules/detect-browser": {
      "version": "5.3.0",
      "resolved": "https://registry.npmjs.org/detect-browser/-/detect-browser-5.3.0.tgz",
      "integrity": "sha512-53rsFbGdwMwlF7qvCt0ypLM5V5/Mbl0szB7GPN8y9NCcbknYOeVVXdrXEq+90IwAfrrzt6Hd+u2E2ntakICU8w=="
    },
    "node_modules/dotenv": {
      "version": "16.0.3",
      "resolved": "https://registry.npmjs.org/dotenv/-/dotenv-16.0.3.tgz",
      "integrity": "sha512-7GO6HghkA5fYG9TYnNxi14/7K9f5occMlp3zXAuSxn7CKCxt9xbNWG7yF8hTCSUchlfWSe3uLmlPfigevRItzQ==",
      "engines": {
        "node": ">=12"
      }
    },
    "node_modules/escape-html": {
      "version": "1.0.3",
      "resolved": "https://registry.npmjs.org/escape-html/-/escape-html-1.0.3.tgz",
      "integrity": "sha512-NiSupZ4OeuGwr68lGIeym/ksIZMJodUGOSCZ/FSnTxcrekbvqrgdUxlJOMpijaKZVjAJrWrGs/6Jy8OMuyj9ow=="
    },
    "node_modules/fsevents": {
      "version": "2.3.2",
      "resolved": "https://registry.npmjs.org/fsevents/-/fsevents-2.3.2.tgz",
      "integrity": "sha512-xiqMQR4xAeHTuB9uWm+fFRcIOgKBMiOBP+eXiyT7jsgVCq1bkVygt00oASowB7EdtpOHaaPgKt812P9ab+DDKA==",
      "hasInstallScript": true,
      "optional": true,
      "os": [
        "darwin"
      ],
      "engines": {
        "node": "^8.16.0 || ^10.6.0 || >=11.0.0"
      }
    },
    "node_modules/is-ci": {
      "version": "3.0.1",
      "resolved": "https://registry.npmjs.org/is-ci/-/is-ci-3.0.1.tgz",
      "integrity": "sha512-ZYvCgrefwqoQ6yTyYUbQu64HsITZ3NfKX1lzaEYdkTDcfKzzCI/wthRRYKkdjHKFVgNiXKAKm65Zo1pk2as/QQ==",
      "dependencies": {
        "ci-info": "^3.2.0"
      },
      "bin": {
        "is-ci": "bin.js"
      }
    },
    "node_modules/isexe": {
      "version": "2.0.0",
      "resolved": "https://registry.npmjs.org/isexe/-/isexe-2.0.0.tgz",
      "integrity": "sha512-RHxMLp9lnKHGHRng9QFhRCMbYAcVpn69smSGcq3f36xjgVVWThj4qqLbTLlq7Ssj8B+fIQ1EuCEGI2lKsyQeIw=="
    },
    "node_modules/minimist": {
      "version": "1.2.8",
      "resolved": "https://registry.npmjs.org/minimist/-/minimist-1.2.8.tgz",
      "integrity": "sha512-2yyAR8qBkN3YuheJanUpWC5U3bb5osDywNB8RzDVlDwDHbocAJveqqj1u8+SVD7jkWT4yvsHCpWqqWqAxb0zCA==",
      "funding": {
        "url": "https://github.com/sponsors/ljharb"
      }
    },
    "node_modules/playwright": {
      "version": "1.33.0",
      "resolved": "https://registry.npmjs.org/playwright/-/playwright-1.33.0.tgz",
      "integrity": "sha512-+zzU3V2TslRX2ETBRgQKsKytYBkJeLZ2xzUj4JohnZnxQnivoUvOvNbRBYWSYykQTO0Y4zb8NwZTYFUO+EpPBQ==",
      "hasInstallScript": true,
      "peer": true,
      "dependencies": {
        "playwright-core": "1.33.0"
      },
      "bin": {
        "playwright": "cli.js"
      },
      "engines": {
        "node": ">=14"
      }
    },
    "node_modules/playwright-core": {
      "version": "1.33.0",
      "resolved": "https://registry.npmjs.org/playwright-core/-/playwright-core-1.33.0.tgz",
      "integrity": "sha512-aizyPE1Cj62vAECdph1iaMILpT0WUDCq3E6rW6I+dleSbBoGbktvJtzS6VHkZ4DKNEOG9qJpiom/ZxO+S15LAw==",
      "bin": {
        "playwright": "cli.js"
      },
      "engines": {
        "node": ">=14"
      }
    },
    "node_modules/playwright-fluent": {
      "version": "1.61.0",
      "resolved": "https://registry.npmjs.org/playwright-fluent/-/playwright-fluent-1.61.0.tgz",
      "integrity": "sha512-ovpn9zcMIMsGi2AsFCCqp8jOhMTtGb7A01FQuDGqRQoOkOUA7Bl92/SVwWiY2TzkHJhBayEBZSnSxDdRajX5xg==",
      "dependencies": {
        "@types/uuid": "9.0.1",
        "@types/which": "3.0.0",
        "escape-html": "1.0.3",
        "is-ci": "3.0.1",
        "tslib": "2.5.0",
        "uuid": "9.0.0",
        "which": "3.0.0"
      },
      "engines": {
        "node": ">=12"
      },
      "peerDependencies": {
        "playwright": ">= 1.12.0"
      }
    },
    "node_modules/prettyjson": {
      "version": "1.2.5",
      "resolved": "https://registry.npmjs.org/prettyjson/-/prettyjson-1.2.5.tgz",
      "integrity": "sha512-rksPWtoZb2ZpT5OVgtmy0KHVM+Dca3iVwWY9ifwhcexfjebtgjg3wmrUt9PvJ59XIYBcknQeYHD8IAnVlh9lAw==",
      "dependencies": {
        "colors": "1.4.0",
        "minimist": "^1.2.0"
      },
      "bin": {
        "prettyjson": "bin/prettyjson"
      }
    },
    "node_modules/tslib": {
      "version": "2.5.0",
      "resolved": "https://registry.npmjs.org/tslib/-/tslib-2.5.0.tgz",
      "integrity": "sha512-336iVw3rtn2BUK7ORdIAHTyxHGRIHVReokCR3XjbckJMK7ms8FysBfhLR8IXnAgy7T0PTPNBWKiH514FOW/WSg=="
    },
    "node_modules/uuid": {
      "version": "9.0.0",
      "resolved": "https://registry.npmjs.org/uuid/-/uuid-9.0.0.tgz",
      "integrity": "sha512-MXcSTerfPa4uqyzStbRoTgt5XIe3x5+42+q1sDuy3R5MDk66URdLMOZe5aPX/SQd+kuYAh0FdP/pO28IkQyTeg==",
      "bin": {
        "uuid": "dist/bin/uuid"
      }
    },
    "node_modules/which": {
      "version": "3.0.0",
      "resolved": "https://registry.npmjs.org/which/-/which-3.0.0.tgz",
      "integrity": "sha512-nla//68K9NU6yRiwDY/Q8aU6siKlSs64aEC7+IV56QoAuyQT2ovsJcgGYGyqMOmI/CGN1BOR6mM5EN0FBO+zyQ==",
      "dependencies": {
        "isexe": "^2.0.0"
      },
      "bin": {
        "node-which": "bin/which.js"
      },
      "engines": {
        "node": "^14.17.0 || ^16.13.0 || >=18.0.0"
      }
    }
  }
}
